{
  "name": "audio-player-worklet",
  "version": "0.0.0",
  "lockfileVersion": 2,
  "requires": true,
  "packages": {
    "": {
      "name": "audio-player-worklet",
      "version": "0.0.0",
      "license": "MIT",
      "dependencies": {
        "fomantic-ui-css": "^2.8.8",
        "konva": "^8.3.3",
        "peaks.js": "^0.28.1",
        "waveform-data": "^4.3.0"
      }
    },
    "node_modules/eventemitter3": {
      "version": "4.0.7",
      "resolved": "https://registry.npmjs.org/eventemitter3/-/eventemitter3-4.0.7.tgz",
      "integrity": "sha512-8guHBZCwKnFhYdHr2ysuRWErTwhoN2X8XELRlrRwpmfeY2jjuUN4taQMsULKUVo1K4DvZl+0pgfyoysHxvmvEw=="
    },
    "node_modules/fomantic-ui-css": {
      "version": "2.8.8",
      "resolved": "https://registry.npmjs.org/fomantic-ui-css/-/fomantic-ui-css-2.8.8.tgz",
      "integrity": "sha512-mVzOha6ApNT0yolKHTt5MHla1aR7w8EKkk/B6FLaa8Bia48qhO1MDFKZriT93eS1RHOZzrN42GcNpT/mH6qMVA==",
      "dependencies": {
        "jquery": "^3.4.0"
      }
    },
    "node_modules/jquery": {
      "version": "3.6.0",
      "resolved": "https://registry.npmjs.org/jquery/-/jquery-3.6.0.tgz",
      "integrity": "sha512-JVzAR/AjBvVt2BmYhxRCSYysDsPcssdmTFnzyLEts9qNwmjmu4JTAMYubEfwVOSwpQ1I1sKKFcxhZCI2buerfw=="
    },
    "node_modules/konva": {
      "version": "8.3.3",
      "resolved": "https://registry.npmjs.org/konva/-/konva-8.3.3.tgz",
      "integrity": "sha512-S/v9JW3gNr4mweRwk4JLiJSnQAWs3aZBU4SY9pXGgCFxIvSDbKTnXTDYb2IMxFnurh3ItiR249RG0NvozHd1OA==",
      "funding": [
        {
          "type": "patreon",
          "url": "https://www.patreon.com/lavrton"
        },
        {
          "type": "opencollective",
          "url": "https://opencollective.com/konva"
        },
        {
          "type": "github",
          "url": "https://github.com/sponsors/lavrton"
        }
      ]
    },
    "node_modules/peaks.js": {
      "version": "0.28.1",
      "resolved": "https://registry.npmjs.org/peaks.js/-/peaks.js-0.28.1.tgz",
      "integrity": "sha512-zBqyl15PcseWacuKNfTdJKvttXKeQA7UjkYt49oFctYyMpCsxN15IAuAHpAzsjAw9LFTT48QOBkpyJPjFJxV5Q==",
      "dependencies": {
        "eventemitter3": "~4.0.7"
      },
      "engines": {
        "node": ">= 8.11.2"
      },
      "peerDependencies": {
        "konva": ">= 8.3.1 < 9",
        "waveform-data": ">= 4.3.0 < 5"
      }
    },
    "node_modules/waveform-data": {
      "version": "4.3.0",
      "resolved": "https://registry.npmjs.org/waveform-data/-/waveform-data-4.3.0.tgz",
      "integrity": "sha512-gddZgTV1dM8Mfaqn+mCJjwTAc7O/GbX2LgOrijRCHEGC60ZVdd/qTzrgEcCE5MfBoBPgwQ85huy1icSf5IZY5Q=="
    }
  },
  "dependencies": {
    "eventemitter3": {
      "version": "4.0.7",
      "resolved": "https://registry.npmjs.org/eventemitter3/-/eventemitter3-4.0.7.tgz",
      "integrity": "sha512-8guHBZCwKnFhYdHr2ysuRWErTwhoN2X8XELRlrRwpmfeY2jjuUN4taQMsULKUVo1K4DvZl+0pgfyoysHxvmvEw=="
    },
    "fomantic-ui-css": {
      "version": "2.8.8",
      "resolved": "https://registry.npmjs.org/fomantic-ui-css/-/fomantic-ui-css-2.8.8.tgz",
      "integrity": "sha512-mVzOha6ApNT0yolKHTt5MHla1aR7w8EKkk/B6FLaa8Bia48qhO1MDFKZriT93eS1RHOZzrN42GcNpT/mH6qMVA==",
      "requires": {
        "jquery": "^3.4.0"
      }
    },
    "jquery": {
      "version": "3.6.0",
      "resolved": "https://registry.npmjs.org/jquery/-/jquery-3.6.0.tgz",
      "integrity": "sha512-JVzAR/AjBvVt2BmYhxRCSYysDsPcssdmTFnzyLEts9qNwmjmu4JTAMYubEfwVOSwpQ1I1sKKFcxhZCI2buerfw=="
    },
    "konva": {
      "version": "8.3.3",
      "resolved": "https://registry.npmjs.org/konva/-/konva-8.3.3.tgz",
      "integrity": "sha512-S/v9JW3gNr4mweRwk4JLiJSnQAWs3aZBU4SY9pXGgCFxIvSDbKTnXTDYb2IMxFnurh3ItiR249RG0NvozHd1OA=="
    },
    "peaks.js": {
      "version": "0.28.1",
      "resolved": "https://registry.npmjs.org/peaks.js/-/peaks.js-0.28.1.tgz",
      "integrity": "sha512-zBqyl15PcseWacuKNfTdJKvttXKeQA7UjkYt49oFctYyMpCsxN15IAuAHpAzsjAw9LFTT48QOBkpyJPjFJxV5Q==",
      "requires": {
        "eventemitter3": "~4.0.7"
      }
    },
    "waveform-data": {
      "version": "4.3.0",
      "resolved": "https://registry.npmjs.org/waveform-data/-/waveform-data-4.3.0.tgz",
      "integrity": "sha512-gddZgTV1dM8Mfaqn+mCJjwTAc7O/GbX2LgOrijRCHEGC60ZVdd/qTzrgEcCE5MfBoBPgwQ85huy1icSf5IZY5Q=="
    }
  }
}
